
Microsoft Visual Studio Solution File, Format Version 12.00
# Visual Studio Version 16
VisualStudioVersion = 16.0.31129.286
MinimumVisualStudioVersion = 10.0.40219.1
Project("{888888A0-9F3D-457C-B088-3A5042F75D52}") = "OIV_Backend", "OIV_Backend.pyproj", "{F43778B7-ACF9-44AB-A76C-E1476054CE1A}"
EndProject
Global
	GlobalSection(SolutionConfigurationPlatforms) = preSolution
		Debug|Any CPU = Debug|Any CPU
		Release|Any CPU = Release|Any CPU
	EndGlobalSection
	GlobalSection(ProjectConfigurationPlatforms) = postSolution
		{F43778B7-ACF9-44AB-A76C-E1476054CE1A}.Debug|Any CPU.ActiveCfg = Debug|Any CPU
		{F43778B7-ACF9-44AB-A76C-E1476054CE1A}.Release|Any CPU.ActiveCfg = Release|Any CPU
	EndGlobalSection
	GlobalSection(SolutionProperties) = preSolution
		HideSolutionNode = FALSE
	EndGlobalSection
	GlobalSection(ExtensibilityGlobals) = postSolution
		SolutionGuid = {88C37A7C-5040-495C-AD4C-A9BF447D1F41}
	EndGlobalSection
EndGlobal
